
Microsoft Visual Studio Solution File, Format Version 12.00
# Visual Studio 2013
VisualStudioVersion = 12.0.21005.1
MinimumVisualStudioVersion = 10.0.40219.1
Project("{2150E333-8FDC-42A3-9474-1A3956D46DE8}") = "Solution Items", "Solution Items", "{19F123BB-80A5-4BC9-86E7-4539C64FB04D}"
	ProjectSection(SolutionItems) = preProject
		01_Catalog.xml = 01_Catalog.xml
	EndProjectSection
EndProject
Project("{FAE04EC0-301F-11D3-BF4B-00C04F79EFBC}") = "02_ExtractAlbumNames", "ExtractAlbumNames\02_ExtractAlbumNames.csproj", "{1D7A6F13-9826-4D99-B470-DA6DD5949095}"
EndProject
Project("{FAE04EC0-301F-11D3-BF4B-00C04F79EFBC}") = "03_ExtractArtistsAlphabetically", "ExtractArtistsAlphabetically\03_ExtractArtistsAlphabetically.csproj", "{6996A32E-A29D-4090-867E-2BC4360A9AA9}"
EndProject
Project("{FAE04EC0-301F-11D3-BF4B-00C04F79EFBC}") = "04_ExtractArtistsNumberOfAlbums", "ExtractArtistsNumberOfAlbums\04_ExtractArtistsNumberOfAlbums.csproj", "{F8FD40EF-9E3C-441F-ADE8-80FD4FD3628F}"
EndProject
Project("{FAE04EC0-301F-11D3-BF4B-00C04F79EFBC}") = "05_ExtractArtistsNumberOfAlbumsXPath", "ExtractArtistsNumberOfAlbumsXPath\05_ExtractArtistsNumberOfAlbumsXPath.csproj", "{C203C709-BAE0-4A17-81CD-341D20D0876C}"
EndProject
Project("{FAE04EC0-301F-11D3-BF4B-00C04F79EFBC}") = "06_DeleteAlbums", "DeleteAlbums\06_DeleteAlbums.csproj", "{3407E9BA-1D81-4336-BCA6-15387C0BE0F2}"
EndProject
Project("{FAE04EC0-301F-11D3-BF4B-00C04F79EFBC}") = "07_OldAlbums", "OldAlbums\07_OldAlbums.csproj", "{12CB58A2-DAC8-4272-A1CF-38DD27DF5929}"
EndProject
Project("{FAE04EC0-301F-11D3-BF4B-00C04F79EFBC}") = "08_OldAlbumsLinqXml", "OldAlbumsLinqXml\08_OldAlbumsLinqXml.csproj", "{966E6C06-EB97-4191-9CA2-7D9D60F0D282}"
EndProject
Project("{FAE04EC0-301F-11D3-BF4B-00C04F79EFBC}") = "10_XElement_DirectoryContentsXml", "DirectoryContentsXml\10_XElement_DirectoryContentsXml.csproj", "{83EBB177-863F-4F42-8661-76EFAD666FA6}"
EndProject
Global
	GlobalSection(SolutionConfigurationPlatforms) = preSolution
		Debug|Any CPU = Debug|Any CPU
		Release|Any CPU = Release|Any CPU
	EndGlobalSection
	GlobalSection(ProjectConfigurationPlatforms) = postSolution
		{1D7A6F13-9826-4D99-B470-DA6DD5949095}.Debug|Any CPU.ActiveCfg = Debug|Any CPU
		{1D7A6F13-9826-4D99-B470-DA6DD5949095}.Debug|Any CPU.Build.0 = Debug|Any CPU
		{1D7A6F13-9826-4D99-B470-DA6DD5949095}.Release|Any CPU.ActiveCfg = Release|Any CPU
		{1D7A6F13-9826-4D99-B470-DA6DD5949095}.Release|Any CPU.Build.0 = Release|Any CPU
		{6996A32E-A29D-4090-867E-2BC4360A9AA9}.Debug|Any CPU.ActiveCfg = Debug|Any CPU
		{6996A32E-A29D-4090-867E-2BC4360A9AA9}.Debug|Any CPU.Build.0 = Debug|Any CPU
		{6996A32E-A29D-4090-867E-2BC4360A9AA9}.Release|Any CPU.ActiveCfg = Release|Any CPU
		{6996A32E-A29D-4090-867E-2BC4360A9AA9}.Release|Any CPU.Build.0 = Release|Any CPU
		{F8FD40EF-9E3C-441F-ADE8-80FD4FD3628F}.Debug|Any CPU.ActiveCfg = Debug|Any CPU
		{F8FD40EF-9E3C-441F-ADE8-80FD4FD3628F}.Debug|Any CPU.Build.0 = Debug|Any CPU
		{F8FD40EF-9E3C-441F-ADE8-80FD4FD3628F}.Release|Any CPU.ActiveCfg = Release|Any CPU
		{F8FD40EF-9E3C-441F-ADE8-80FD4FD3628F}.Release|Any CPU.Build.0 = Release|Any CPU
		{C203C709-BAE0-4A17-81CD-341D20D0876C}.Debug|Any CPU.ActiveCfg = Debug|Any CPU
		{C203C709-BAE0-4A17-81CD-341D20D0876C}.Debug|Any CPU.Build.0 = Debug|Any CPU
		{C203C709-BAE0-4A17-81CD-341D20D0876C}.Release|Any CPU.ActiveCfg = Release|Any CPU
		{C203C709-BAE0-4A17-81CD-341D20D0876C}.Release|Any CPU.Build.0 = Release|Any CPU
		{3407E9BA-1D81-4336-BCA6-15387C0BE0F2}.Debug|Any CPU.ActiveCfg = Debug|Any CPU
		{3407E9BA-1D81-4336-BCA6-15387C0BE0F2}.Debug|Any CPU.Build.0 = Debug|Any CPU
		{3407E9BA-1D81-4336-BCA6-15387C0BE0F2}.Release|Any CPU.ActiveCfg = Release|Any CPU
		{3407E9BA-1D81-4336-BCA6-15387C0BE0F2}.Release|Any CPU.Build.0 = Release|Any CPU
		{12CB58A2-DAC8-4272-A1CF-38DD27DF5929}.Debug|Any CPU.ActiveCfg = Debug|Any CPU
		{12CB58A2-DAC8-4272-A1CF-38DD27DF5929}.Debug|Any CPU.Build.0 = Debug|Any CPU
		{12CB58A2-DAC8-4272-A1CF-38DD27DF5929}.Release|Any CPU.ActiveCfg = Release|Any CPU
		{12CB58A2-DAC8-4272-A1CF-38DD27DF5929}.Release|Any CPU.Build.0 = Release|Any CPU
		{966E6C06-EB97-4191-9CA2-7D9D60F0D282}.Debug|Any CPU.ActiveCfg = Debug|Any CPU
		{966E6C06-EB97-4191-9CA2-7D9D60F0D282}.Debug|Any CPU.Build.0 = Debug|Any CPU
		{966E6C06-EB97-4191-9CA2-7D9D60F0D282}.Release|Any CPU.ActiveCfg = Release|Any CPU
		{966E6C06-EB97-4191-9CA2-7D9D60F0D282}.Release|Any CPU.Build.0 = Release|Any CPU
		{83EBB177-863F-4F42-8661-76EFAD666FA6}.Debug|Any CPU.ActiveCfg = Debug|Any CPU
		{83EBB177-863F-4F42-8661-76EFAD666FA6}.Debug|Any CPU.Build.0 = Debug|Any CPU
		{83EBB177-863F-4F42-8661-76EFAD666FA6}.Release|Any CPU.ActiveCfg = Release|Any CPU
		{83EBB177-863F-4F42-8661-76EFAD666FA6}.Release|Any CPU.Build.0 = Release|Any CPU
	EndGlobalSection
	GlobalSection(SolutionProperties) = preSolution
		HideSolutionNode = FALSE
	EndGlobalSection
EndGlobal
