
Microsoft Visual Studio Solution File, Format Version 12.00
# Visual Studio 2013
VisualStudioVersion = 12.0.40629.0
MinimumVisualStudioVersion = 10.0.40219.1
Project("{FAE04EC0-301F-11D3-BF4B-00C04F79EFBC}") = "BookShopSystem.Models", "BookShopSystem.Models\BookShopSystem.Models.csproj", "{4D64D76D-96C0-47C0-A768-BC71725ED727}"
EndProject
Project("{FAE04EC0-301F-11D3-BF4B-00C04F79EFBC}") = "BookShopSystem.Data", "BookShopSystem.Data\BookShopSystem.Data.csproj", "{D6F06703-54D4-41E2-B2EE-D6CE560DABBD}"
EndProject
Project("{FAE04EC0-301F-11D3-BF4B-00C04F79EFBC}") = "BookShopSystem.Services", "BookShopSystem.Services\BookShopSystem.Services.csproj", "{5E091512-F667-4895-A6A7-DB309FCC5052}"
EndProject
Global
	GlobalSection(SolutionConfigurationPlatforms) = preSolution
		Debug|Any CPU = Debug|Any CPU
		Release|Any CPU = Release|Any CPU
	EndGlobalSection
	GlobalSection(ProjectConfigurationPlatforms) = postSolution
		{4D64D76D-96C0-47C0-A768-BC71725ED727}.Debug|Any CPU.ActiveCfg = Debug|Any CPU
		{4D64D76D-96C0-47C0-A768-BC71725ED727}.Debug|Any CPU.Build.0 = Debug|Any CPU
		{4D64D76D-96C0-47C0-A768-BC71725ED727}.Release|Any CPU.ActiveCfg = Release|Any CPU
		{4D64D76D-96C0-47C0-A768-BC71725ED727}.Release|Any CPU.Build.0 = Release|Any CPU
		{D6F06703-54D4-41E2-B2EE-D6CE560DABBD}.Debug|Any CPU.ActiveCfg = Debug|Any CPU
		{D6F06703-54D4-41E2-B2EE-D6CE560DABBD}.Debug|Any CPU.Build.0 = Debug|Any CPU
		{D6F06703-54D4-41E2-B2EE-D6CE560DABBD}.Release|Any CPU.ActiveCfg = Release|Any CPU
		{D6F06703-54D4-41E2-B2EE-D6CE560DABBD}.Release|Any CPU.Build.0 = Release|Any CPU
		{5E091512-F667-4895-A6A7-DB309FCC5052}.Debug|Any CPU.ActiveCfg = Debug|Any CPU
		{5E091512-F667-4895-A6A7-DB309FCC5052}.Debug|Any CPU.Build.0 = Debug|Any CPU
		{5E091512-F667-4895-A6A7-DB309FCC5052}.Release|Any CPU.ActiveCfg = Release|Any CPU
		{5E091512-F667-4895-A6A7-DB309FCC5052}.Release|Any CPU.Build.0 = Release|Any CPU
	EndGlobalSection
	GlobalSection(SolutionProperties) = preSolution
		HideSolutionNode = FALSE
	EndGlobalSection
EndGlobal
