
Microsoft Visual Studio Solution File, Format Version 12.00
# Visual Studio 2013
VisualStudioVersion = 12.0.21005.1
MinimumVisualStudioVersion = 10.0.40219.1
Project("{FAE04EC0-301F-11D3-BF4B-00C04F79EFBC}") = "StudentSystem.Models", "StudentSystem.Models\StudentSystem.Models.csproj", "{93C2AC87-0E3A-4E62-B739-E46017B120C1}"
EndProject
Project("{FAE04EC0-301F-11D3-BF4B-00C04F79EFBC}") = "StudentSystem.Data", "StudentSystem.Data\StudentSystem.Data.csproj", "{9D22897A-7CEB-4576-99B0-6EC4FA0A7C71}"
EndProject
Project("{FAE04EC0-301F-11D3-BF4B-00C04F79EFBC}") = "StudentSystem.ConsoleClient", "StudentSystem.ConsoleClient\StudentSystem.ConsoleClient.csproj", "{378ED8E6-259F-492D-956E-FA774C04A325}"
EndProject
Global
	GlobalSection(SolutionConfigurationPlatforms) = preSolution
		Debug|Any CPU = Debug|Any CPU
		Release|Any CPU = Release|Any CPU
	EndGlobalSection
	GlobalSection(ProjectConfigurationPlatforms) = postSolution
		{93C2AC87-0E3A-4E62-B739-E46017B120C1}.Debug|Any CPU.ActiveCfg = Debug|Any CPU
		{93C2AC87-0E3A-4E62-B739-E46017B120C1}.Debug|Any CPU.Build.0 = Debug|Any CPU
		{93C2AC87-0E3A-4E62-B739-E46017B120C1}.Release|Any CPU.ActiveCfg = Release|Any CPU
		{93C2AC87-0E3A-4E62-B739-E46017B120C1}.Release|Any CPU.Build.0 = Release|Any CPU
		{9D22897A-7CEB-4576-99B0-6EC4FA0A7C71}.Debug|Any CPU.ActiveCfg = Debug|Any CPU
		{9D22897A-7CEB-4576-99B0-6EC4FA0A7C71}.Debug|Any CPU.Build.0 = Debug|Any CPU
		{9D22897A-7CEB-4576-99B0-6EC4FA0A7C71}.Release|Any CPU.ActiveCfg = Release|Any CPU
		{9D22897A-7CEB-4576-99B0-6EC4FA0A7C71}.Release|Any CPU.Build.0 = Release|Any CPU
		{378ED8E6-259F-492D-956E-FA774C04A325}.Debug|Any CPU.ActiveCfg = Debug|Any CPU
		{378ED8E6-259F-492D-956E-FA774C04A325}.Debug|Any CPU.Build.0 = Debug|Any CPU
		{378ED8E6-259F-492D-956E-FA774C04A325}.Release|Any CPU.ActiveCfg = Release|Any CPU
		{378ED8E6-259F-492D-956E-FA774C04A325}.Release|Any CPU.Build.0 = Release|Any CPU
	EndGlobalSection
	GlobalSection(SolutionProperties) = preSolution
		HideSolutionNode = FALSE
	EndGlobalSection
EndGlobal
