
Microsoft Visual Studio Solution File, Format Version 12.00
# Visual Studio 2013
VisualStudioVersion = 12.0.40629.0
MinimumVisualStudioVersion = 10.0.40219.1
Project("{FAE04EC0-301F-11D3-BF4B-00C04F79EFBC}") = "01_CalcDistanceService", "CalcDistanceService\01_CalcDistanceService.csproj", "{B0D9053C-6FA2-46F9-A95F-33EAE88E79BC}"
EndProject
Project("{FAE04EC0-301F-11D3-BF4B-00C04F79EFBC}") = "02_DistanceCalculatorClient", "DistanceCalculatorClient\02_DistanceCalculatorClient.csproj", "{8E446C5D-5C33-4831-ABF4-81B94F20DEE9}"
	ProjectSection(ProjectDependencies) = postProject
		{B0D9053C-6FA2-46F9-A95F-33EAE88E79BC} = {B0D9053C-6FA2-46F9-A95F-33EAE88E79BC}
	EndProjectSection
EndProject
Project("{FAE04EC0-301F-11D3-BF4B-00C04F79EFBC}") = "03_DistanceCalculatorRestService", "DistanceCalculatorRestService\03_DistanceCalculatorRestService.csproj", "{152A508A-5CA4-48CB-B8C7-F0C16432E1DA}"
EndProject
Project("{FAE04EC0-301F-11D3-BF4B-00C04F79EFBC}") = "04_DistanceCalculatorRestClient", "DistanceCalculatorRestClient\04_DistanceCalculatorRestClient.csproj", "{D765E7E4-DFFA-4574-9618-0752D8C6B4B9}"
EndProject
Global
	GlobalSection(SolutionConfigurationPlatforms) = preSolution
		Debug|Any CPU = Debug|Any CPU
		Release|Any CPU = Release|Any CPU
	EndGlobalSection
	GlobalSection(ProjectConfigurationPlatforms) = postSolution
		{B0D9053C-6FA2-46F9-A95F-33EAE88E79BC}.Debug|Any CPU.ActiveCfg = Debug|Any CPU
		{B0D9053C-6FA2-46F9-A95F-33EAE88E79BC}.Debug|Any CPU.Build.0 = Debug|Any CPU
		{B0D9053C-6FA2-46F9-A95F-33EAE88E79BC}.Release|Any CPU.ActiveCfg = Release|Any CPU
		{B0D9053C-6FA2-46F9-A95F-33EAE88E79BC}.Release|Any CPU.Build.0 = Release|Any CPU
		{8E446C5D-5C33-4831-ABF4-81B94F20DEE9}.Debug|Any CPU.ActiveCfg = Debug|Any CPU
		{8E446C5D-5C33-4831-ABF4-81B94F20DEE9}.Debug|Any CPU.Build.0 = Debug|Any CPU
		{8E446C5D-5C33-4831-ABF4-81B94F20DEE9}.Release|Any CPU.ActiveCfg = Release|Any CPU
		{8E446C5D-5C33-4831-ABF4-81B94F20DEE9}.Release|Any CPU.Build.0 = Release|Any CPU
		{152A508A-5CA4-48CB-B8C7-F0C16432E1DA}.Debug|Any CPU.ActiveCfg = Debug|Any CPU
		{152A508A-5CA4-48CB-B8C7-F0C16432E1DA}.Debug|Any CPU.Build.0 = Debug|Any CPU
		{152A508A-5CA4-48CB-B8C7-F0C16432E1DA}.Release|Any CPU.ActiveCfg = Release|Any CPU
		{152A508A-5CA4-48CB-B8C7-F0C16432E1DA}.Release|Any CPU.Build.0 = Release|Any CPU
		{D765E7E4-DFFA-4574-9618-0752D8C6B4B9}.Debug|Any CPU.ActiveCfg = Debug|Any CPU
		{D765E7E4-DFFA-4574-9618-0752D8C6B4B9}.Debug|Any CPU.Build.0 = Debug|Any CPU
		{D765E7E4-DFFA-4574-9618-0752D8C6B4B9}.Release|Any CPU.ActiveCfg = Release|Any CPU
		{D765E7E4-DFFA-4574-9618-0752D8C6B4B9}.Release|Any CPU.Build.0 = Release|Any CPU
	EndGlobalSection
	GlobalSection(SolutionProperties) = preSolution
		HideSolutionNode = FALSE
	EndGlobalSection
EndGlobal
